
Microsoft Visual Studio Solution File, Format Version 12.00
# Visual Studio Version 17
VisualStudioVersion = 17.10.34916.146
MinimumVisualStudioVersion = 10.0.40219.1
Project("{FAE04EC0-301F-11D3-BF4B-00C04F79EFBC}") = "Assignment 2", "Assignment 2\Assignment 2.csproj", "{1A8CCC90-3851-4E91-B2C1-4E7637E6FFDE}"
EndProject
Global
	GlobalSection(SolutionConfigurationPlatforms) = preSolution
		Debug|Any CPU = Debug|Any CPU
		Release|Any CPU = Release|Any CPU
	EndGlobalSection
	GlobalSection(ProjectConfigurationPlatforms) = postSolution
		{1A8CCC90-3851-4E91-B2C1-4E7637E6FFDE}.Debug|Any CPU.ActiveCfg = Debug|Any CPU
		{1A8CCC90-3851-4E91-B2C1-4E7637E6FFDE}.Debug|Any CPU.Build.0 = Debug|Any CPU
		{1A8CCC90-3851-4E91-B2C1-4E7637E6FFDE}.Release|Any CPU.ActiveCfg = Release|Any CPU
		{1A8CCC90-3851-4E91-B2C1-4E7637E6FFDE}.Release|Any CPU.Build.0 = Release|Any CPU
	EndGlobalSection
	GlobalSection(SolutionProperties) = preSolution
		HideSolutionNode = FALSE
	EndGlobalSection
	GlobalSection(ExtensibilityGlobals) = postSolution
		SolutionGuid = {D3136047-DEED-4A3B-8D51-71FD98AE09EB}
	EndGlobalSection
EndGlobal
